version = 1
revision = 3
requires-python = ">=3.15"

[[package]]
name = "combinepdf"
version = "0.1.0"
source = { virtual = "." }
dependencies = [
    { name = "pdfrw" },
    { name = "pillow" },
]

[package.metadata]
requires-dist = [
    { name = "pdfrw", specifier = ">=0.4" },
    { name = "pillow", specifier = ">=12.1.1" },
]

[[package]]
name = "pdfrw"
version = "0.4"
source = { registry = "https://pypi.org/simple" }
sdist = { url = "https://files.pythonhosted.org/packages/61/96/cbde98b96115d10694010e584d00d39f7b97905e1c8303e6ffbb84080e6a/pdfrw-0.4.tar.gz", hash = "sha256:0dc0494a0e6561b268542b28ede2280387c2728114f117d3bb5d8e4787b93ef4", size = 95402, upload-time = "2017-09-18T10:08:02.44Z" }
wheels = [
    { url = "https://files.pythonhosted.org/packages/c0/84/af442c4458756bb0c0d2424102d1200616f3ff9b82c48aaa130e08549bf6/pdfrw-0.4-py2.py3-none-any.whl", hash = "sha256:758289edaa3b672e9a1a67504be73c18ec668d4e5b9d5ac9cbc0dc753d8d196b", size = 69460, upload-time = "2017-09-18T10:08:10.732Z" },
]

[[package]]
name = "pillow"
version = "12.1.1"
source = { registry = "https://pypi.org/simple" }
sdist = { url = "https://files.pythonhosted.org/packages/1f/42/5c74462b4fd957fcd7b13b04fb3205ff8349236ea74c7c375766d6c82288/pillow-12.1.1.tar.gz", hash = "sha256:9ad8fa5937ab05218e2b6a4cff30295ad35afd2f83ac592e68c0d871bb0fdbc4", size = 46980264, upload-time = "2026-02-11T04:23:07.146Z" }
